
Microsoft Visual Studio Solution File, Format Version 12.00
# Visual Studio Version 17
VisualStudioVersion = 17.7.34031.279
MinimumVisualStudioVersion = 10.0.40219.1
Project("{9A19103F-16F7-4668-BE54-9A1E7A4F7556}") = "App", "src\UI\App.csproj", "{256749E4-9243-45D6-BFDB-B5F6CEAFE04B}"
EndProject
Project("{9A19103F-16F7-4668-BE54-9A1E7A4F7556}") = "Infrastructure", "src\Infrastructure\Infrastructure.csproj", "{9FD73940-8765-4724-A01C-AC216EDC28ED}"
EndProject
Project("{9A19103F-16F7-4668-BE54-9A1E7A4F7556}") = "Domain", "src\Core\Domain\Domain.csproj", "{3A2162F8-9D7F-4CDB-AF1E-5CB2F26E9A46}"
EndProject
Project("{2150E333-8FDC-42A3-9474-1A3956D46DE8}") = "Test", "Test", "{833450DE-4A4C-43B2-9BEF-419D7A09A0DD}"
EndProject
Project("{2150E333-8FDC-42A3-9474-1A3956D46DE8}") = "Core", "Core", "{AA6137A6-C006-44E1-B1DF-1CA89F199784}"
EndProject
Project("{9A19103F-16F7-4668-BE54-9A1E7A4F7556}") = "Application", "src\Core\Application\Application.csproj", "{CFFB6594-AFB2-470D-8B93-ED026C18AF2D}"
EndProject
Project("{2150E333-8FDC-42A3-9474-1A3956D46DE8}") = "UI", "UI", "{F5FD1C91-7899-4FEB-BFFC-97FCE79785C4}"
EndProject
Project("{2150E333-8FDC-42A3-9474-1A3956D46DE8}") = "src", "src", "{0B6AFE99-9610-4D19-8109-6A9696FAA04E}"
EndProject
Project("{9A19103F-16F7-4668-BE54-9A1E7A4F7556}") = "Application.UnitTests", "Tests\Application.UnitTests\Application.UnitTests.csproj", "{A1A92A79-062C-4F0E-84EA-568C7A34AF32}"
EndProject
Project("{FAE04EC0-301F-11D3-BF4B-00C04F79EFBC}") = "Resources", "src\Core\Resources\Resources.csproj", "{AB46FC0C-7C1B-493F-9761-EEA0CEA15D8A}"
EndProject
Project("{9A19103F-16F7-4668-BE54-9A1E7A4F7556}") = "App.UnitTests", "Tests\App.UnitTests\App.UnitTests.csproj", "{8052E594-5161-4695-BBF4-ACD4B1D5DAB7}"
EndProject
Global
	GlobalSection(SolutionConfigurationPlatforms) = preSolution
		Debug|Any CPU = Debug|Any CPU
		Release|Any CPU = Release|Any CPU
	EndGlobalSection
	GlobalSection(ProjectConfigurationPlatforms) = postSolution
		{256749E4-9243-45D6-BFDB-B5F6CEAFE04B}.Debug|Any CPU.ActiveCfg = Debug|Any CPU
		{256749E4-9243-45D6-BFDB-B5F6CEAFE04B}.Debug|Any CPU.Build.0 = Debug|Any CPU
		{256749E4-9243-45D6-BFDB-B5F6CEAFE04B}.Debug|Any CPU.Deploy.0 = Debug|Any CPU
		{256749E4-9243-45D6-BFDB-B5F6CEAFE04B}.Release|Any CPU.ActiveCfg = Release|Any CPU
		{256749E4-9243-45D6-BFDB-B5F6CEAFE04B}.Release|Any CPU.Build.0 = Release|Any CPU
		{256749E4-9243-45D6-BFDB-B5F6CEAFE04B}.Release|Any CPU.Deploy.0 = Release|Any CPU
		{9FD73940-8765-4724-A01C-AC216EDC28ED}.Debug|Any CPU.ActiveCfg = Debug|Any CPU
		{9FD73940-8765-4724-A01C-AC216EDC28ED}.Debug|Any CPU.Build.0 = Debug|Any CPU
		{9FD73940-8765-4724-A01C-AC216EDC28ED}.Release|Any CPU.ActiveCfg = Release|Any CPU
		{9FD73940-8765-4724-A01C-AC216EDC28ED}.Release|Any CPU.Build.0 = Release|Any CPU
		{3A2162F8-9D7F-4CDB-AF1E-5CB2F26E9A46}.Debug|Any CPU.ActiveCfg = Debug|Any CPU
		{3A2162F8-9D7F-4CDB-AF1E-5CB2F26E9A46}.Debug|Any CPU.Build.0 = Debug|Any CPU
		{3A2162F8-9D7F-4CDB-AF1E-5CB2F26E9A46}.Release|Any CPU.ActiveCfg = Release|Any CPU
		{3A2162F8-9D7F-4CDB-AF1E-5CB2F26E9A46}.Release|Any CPU.Build.0 = Release|Any CPU
		{CFFB6594-AFB2-470D-8B93-ED026C18AF2D}.Debug|Any CPU.ActiveCfg = Debug|Any CPU
		{CFFB6594-AFB2-470D-8B93-ED026C18AF2D}.Debug|Any CPU.Build.0 = Debug|Any CPU
		{CFFB6594-AFB2-470D-8B93-ED026C18AF2D}.Release|Any CPU.ActiveCfg = Release|Any CPU
		{CFFB6594-AFB2-470D-8B93-ED026C18AF2D}.Release|Any CPU.Build.0 = Release|Any CPU
		{A1A92A79-062C-4F0E-84EA-568C7A34AF32}.Debug|Any CPU.ActiveCfg = Debug|Any CPU
		{A1A92A79-062C-4F0E-84EA-568C7A34AF32}.Debug|Any CPU.Build.0 = Debug|Any CPU
		{A1A92A79-062C-4F0E-84EA-568C7A34AF32}.Release|Any CPU.ActiveCfg = Release|Any CPU
		{A1A92A79-062C-4F0E-84EA-568C7A34AF32}.Release|Any CPU.Build.0 = Release|Any CPU
		{AB46FC0C-7C1B-493F-9761-EEA0CEA15D8A}.Debug|Any CPU.ActiveCfg = Debug|Any CPU
		{AB46FC0C-7C1B-493F-9761-EEA0CEA15D8A}.Debug|Any CPU.Build.0 = Debug|Any CPU
		{AB46FC0C-7C1B-493F-9761-EEA0CEA15D8A}.Release|Any CPU.ActiveCfg = Release|Any CPU
		{AB46FC0C-7C1B-493F-9761-EEA0CEA15D8A}.Release|Any CPU.Build.0 = Release|Any CPU
		{8052E594-5161-4695-BBF4-ACD4B1D5DAB7}.Debug|Any CPU.ActiveCfg = Debug|Any CPU
		{8052E594-5161-4695-BBF4-ACD4B1D5DAB7}.Debug|Any CPU.Build.0 = Debug|Any CPU
		{8052E594-5161-4695-BBF4-ACD4B1D5DAB7}.Release|Any CPU.ActiveCfg = Release|Any CPU
		{8052E594-5161-4695-BBF4-ACD4B1D5DAB7}.Release|Any CPU.Build.0 = Release|Any CPU
	EndGlobalSection
	GlobalSection(SolutionProperties) = preSolution
		HideSolutionNode = FALSE
	EndGlobalSection
	GlobalSection(NestedProjects) = preSolution
		{256749E4-9243-45D6-BFDB-B5F6CEAFE04B} = {F5FD1C91-7899-4FEB-BFFC-97FCE79785C4}
		{9FD73940-8765-4724-A01C-AC216EDC28ED} = {0B6AFE99-9610-4D19-8109-6A9696FAA04E}
		{3A2162F8-9D7F-4CDB-AF1E-5CB2F26E9A46} = {AA6137A6-C006-44E1-B1DF-1CA89F199784}
		{AA6137A6-C006-44E1-B1DF-1CA89F199784} = {0B6AFE99-9610-4D19-8109-6A9696FAA04E}
		{CFFB6594-AFB2-470D-8B93-ED026C18AF2D} = {AA6137A6-C006-44E1-B1DF-1CA89F199784}
		{F5FD1C91-7899-4FEB-BFFC-97FCE79785C4} = {0B6AFE99-9610-4D19-8109-6A9696FAA04E}
		{A1A92A79-062C-4F0E-84EA-568C7A34AF32} = {833450DE-4A4C-43B2-9BEF-419D7A09A0DD}
		{AB46FC0C-7C1B-493F-9761-EEA0CEA15D8A} = {AA6137A6-C006-44E1-B1DF-1CA89F199784}
		{8052E594-5161-4695-BBF4-ACD4B1D5DAB7} = {833450DE-4A4C-43B2-9BEF-419D7A09A0DD}
	EndGlobalSection
	GlobalSection(ExtensibilityGlobals) = postSolution
		SolutionGuid = {BD992363-F2A7-4FBE-BFAD-A9125A22D18C}
	EndGlobalSection
EndGlobal
